// !$*UTF8*$!
{
	archiveVersion = 1;
	classes = {
	};
	objectVersion = 56;
	objects = {

/* Begin PBXBuildFile section */
		14C626FE2A62F6EC00172DF2 /* BMIResultViewController.swift in Sources */ = {isa = PBXBuildFile; fileRef = 14C626FC2A62F6EC00172DF2 /* BMIResultViewController.swift */; };
		14C626FF2A62F6EC00172DF2 /* BMIResultViewController.xib in Resources */ = {isa = PBXBuildFile; fileRef = 14C626FD2A62F6EC00172DF2 /* BMIResultViewController.xib */; };
		14C627012A655C9100172DF2 /* BMIModel.swift in Sources */ = {isa = PBXBuildFile; fileRef = 14C627002A655C9100172DF2 /* BMIModel.swift */; };
		14D756992A604192002AECC2 /* AppDelegate.swift in Sources */ = {isa = PBXBuildFile; fileRef = 14D756982A604192002AECC2 /* AppDelegate.swift */; };
		14D7569B2A604192002AECC2 /* SceneDelegate.swift in Sources */ = {isa = PBXBuildFile; fileRef = 14D7569A2A604192002AECC2 /* SceneDelegate.swift */; };
		14D7569D2A604192002AECC2 /* HomeViewController.swift in Sources */ = {isa = PBXBuildFile; fileRef = 14D7569C2A604192002AECC2 /* HomeViewController.swift */; };
		14D756A02A604192002AECC2 /* Main.storyboard in Resources */ = {isa = PBXBuildFile; fileRef = 14D7569E2A604192002AECC2 /* Main.storyboard */; };
		14D756A22A604195002AECC2 /* Assets.xcassets in Resources */ = {isa = PBXBuildFile; fileRef = 14D756A12A604195002AECC2 /* Assets.xcassets */; };
		14D756A52A604195002AECC2 /* LaunchScreen.storyboard in Resources */ = {isa = PBXBuildFile; fileRef = 14D756A32A604195002AECC2 /* LaunchScreen.storyboard */; };
		14D756AE2A605BD7002AECC2 /* UIView_extension.swift in Sources */ = {isa = PBXBuildFile; fileRef = 14D756AD2A605BD7002AECC2 /* UIView_extension.swift */; };
		14EAA34E2A6202AD009397CB /* Routes.swift in Sources */ = {isa = PBXBuildFile; fileRef = 14EAA34D2A6202AD009397CB /* Routes.swift */; };
		14EAA3502A6202BB009397CB /* Methods.swift in Sources */ = {isa = PBXBuildFile; fileRef = 14EAA34F2A6202BB009397CB /* Methods.swift */; };
		14EAA3522A6202CB009397CB /* NetworkServices.swift in Sources */ = {isa = PBXBuildFile; fileRef = 14EAA3512A6202CB009397CB /* NetworkServices.swift */; };
		14EAA3552A6202F0009397CB /* HomeViewModel.swift in Sources */ = {isa = PBXBuildFile; fileRef = 14EAA3542A6202F0009397CB /* HomeViewModel.swift */; };
		14EAA3582A6204CA009397CB /* AppError.swift in Sources */ = {isa = PBXBuildFile; fileRef = 14EAA3572A6204CA009397CB /* AppError.swift */; };
		14EAA35A2A6204DA009397CB /* ApiResponse.swift in Sources */ = {isa = PBXBuildFile; fileRef = 14EAA3592A6204DA009397CB /* ApiResponse.swift */; };
		14EAA35C2A620646009397CB /* urlString.swift in Sources */ = {isa = PBXBuildFile; fileRef = 14EAA35B2A620646009397CB /* urlString.swift */; };
/* End PBXBuildFile section */

/* Begin PBXFileReference section */
		14C626FC2A62F6EC00172DF2 /* BMIResultViewController.swift */ = {isa = PBXFileReference; lastKnownFileType = sourcecode.swift; path = BMIResultViewController.swift; sourceTree = "<group>"; };
		14C626FD2A62F6EC00172DF2 /* BMIResultViewController.xib */ = {isa = PBXFileReference; lastKnownFileType = file.xib; path = BMIResultViewController.xib; sourceTree = "<group>"; };
		14C627002A655C9100172DF2 /* BMIModel.swift */ = {isa = PBXFileReference; lastKnownFileType = sourcecode.swift; path = BMIModel.swift; sourceTree = "<group>"; };
		14D756952A604192002AECC2 /* FitnessCalulator.app */ = {isa = PBXFileReference; explicitFileType = wrapper.application; includeInIndex = 0; path = FitnessCalulator.app; sourceTree = BUILT_PRODUCTS_DIR; };
		14D756982A604192002AECC2 /* AppDelegate.swift */ = {isa = PBXFileReference; lastKnownFileType = sourcecode.swift; path = AppDelegate.swift; sourceTree = "<group>"; };
		14D7569A2A604192002AECC2 /* SceneDelegate.swift */ = {isa = PBXFileReference; lastKnownFileType = sourcecode.swift; path = SceneDelegate.swift; sourceTree = "<group>"; };
		14D7569C2A604192002AECC2 /* HomeViewController.swift */ = {isa = PBXFileReference; lastKnownFileType = sourcecode.swift; path = HomeViewController.swift; sourceTree = "<group>"; };
		14D7569F2A604192002AECC2 /* Base */ = {isa = PBXFileReference; lastKnownFileType = file.storyboard; name = Base; path = Base.lproj/Main.storyboard; sourceTree = "<group>"; };
		14D756A12A604195002AECC2 /* Assets.xcassets */ = {isa = PBXFileReference; lastKnownFileType = folder.assetcatalog; path = Assets.xcassets; sourceTree = "<group>"; };
		14D756A42A604195002AECC2 /* Base */ = {isa = PBXFileReference; lastKnownFileType = file.storyboard; name = Base; path = Base.lproj/LaunchScreen.storyboard; sourceTree = "<group>"; };
		14D756A62A604195002AECC2 /* Info.plist */ = {isa = PBXFileReference; lastKnownFileType = text.plist.xml; path = Info.plist; sourceTree = "<group>"; };
		14D756AD2A605BD7002AECC2 /* UIView_extension.swift */ = {isa = PBXFileReference; lastKnownFileType = sourcecode.swift; path = UIView_extension.swift; sourceTree = "<group>"; };
		14EAA34D2A6202AD009397CB /* Routes.swift */ = {isa = PBXFileReference; lastKnownFileType = sourcecode.swift; path = Routes.swift; sourceTree = "<group>"; };
		14EAA34F2A6202BB009397CB /* Methods.swift */ = {isa = PBXFileReference; lastKnownFileType = sourcecode.swift; path = Methods.swift; sourceTree = "<group>"; };
		14EAA3512A6202CB009397CB /* NetworkServices.swift */ = {isa = PBXFileReference; lastKnownFileType = sourcecode.swift; path = NetworkServices.swift; sourceTree = "<group>"; };
		14EAA3542A6202F0009397CB /* HomeViewModel.swift */ = {isa = PBXFileReference; lastKnownFileType = sourcecode.swift; path = HomeViewModel.swift; sourceTree = "<group>"; };
		14EAA3572A6204CA009397CB /* AppError.swift */ = {isa = PBXFileReference; lastKnownFileType = sourcecode.swift; path = AppError.swift; sourceTree = "<group>"; };
		14EAA3592A6204DA009397CB /* ApiResponse.swift */ = {isa = PBXFileReference; lastKnownFileType = sourcecode.swift; path = ApiResponse.swift; sourceTree = "<group>"; };
		14EAA35B2A620646009397CB /* urlString.swift */ = {isa = PBXFileReference; lastKnownFileType = sourcecode.swift; path = urlString.swift; sourceTree = "<group>"; };
/* End PBXFileReference section */

/* Begin PBXFrameworksBuildPhase section */
		14D756922A604192002AECC2 /* Frameworks */ = {
			isa = PBXFrameworksBuildPhase;
			buildActionMask = 2147483647;
			files = (
			);
			runOnlyForDeploymentPostprocessing = 0;
		};
/* End PBXFrameworksBuildPhase section */

/* Begin PBXGroup section */
		14C626FA2A62F69200172DF2 /* CustomView */ = {
			isa = PBXGroup;
			children = (
				14C626FB2A62F6B500172DF2 /* BMICalcultorResult */,
			);
			path = CustomView;
			sourceTree = "<group>";
		};
		14C626FB2A62F6B500172DF2 /* BMICalcultorResult */ = {
			isa = PBXGroup;
			children = (
				14C626FC2A62F6EC00172DF2 /* BMIResultViewController.swift */,
				14C626FD2A62F6EC00172DF2 /* BMIResultViewController.xib */,
			);
			path = BMICalcultorResult;
			sourceTree = "<group>";
		};
		14D7568C2A604191002AECC2 = {
			isa = PBXGroup;
			children = (
				14D756972A604192002AECC2 /* FitnessCalulator */,
				14D756962A604192002AECC2 /* Products */,
			);
			sourceTree = "<group>";
		};
		14D756962A604192002AECC2 /* Products */ = {
			isa = PBXGroup;
			children = (
				14D756952A604192002AECC2 /* FitnessCalulator.app */,
			);
			name = Products;
			sourceTree = "<group>";
		};
		14D756972A604192002AECC2 /* FitnessCalulator */ = {
			isa = PBXGroup;
			children = (
				14C626FA2A62F69200172DF2 /* CustomView */,
				14EAA3562A6202FD009397CB /* Models */,
				14EAA3532A6202D9009397CB /* HomeView */,
				14EAA34C2A62029A009397CB /* Networking */,
				14D756AC2A605BB8002AECC2 /* Extensions */,
				14D756982A604192002AECC2 /* AppDelegate.swift */,
				14D7569A2A604192002AECC2 /* SceneDelegate.swift */,
				14D7569E2A604192002AECC2 /* Main.storyboard */,
				14D756A12A604195002AECC2 /* Assets.xcassets */,
				14D756A32A604195002AECC2 /* LaunchScreen.storyboard */,
				14D756A62A604195002AECC2 /* Info.plist */,
			);
			path = FitnessCalulator;
			sourceTree = "<group>";
		};
		14D756AC2A605BB8002AECC2 /* Extensions */ = {
			isa = PBXGroup;
			children = (
				14D756AD2A605BD7002AECC2 /* UIView_extension.swift */,
				14EAA35B2A620646009397CB /* urlString.swift */,
			);
			path = Extensions;
			sourceTree = "<group>";
		};
		14EAA34C2A62029A009397CB /* Networking */ = {
			isa = PBXGroup;
			children = (
				14EAA34D2A6202AD009397CB /* Routes.swift */,
				14EAA34F2A6202BB009397CB /* Methods.swift */,
				14EAA3512A6202CB009397CB /* NetworkServices.swift */,
				14EAA3572A6204CA009397CB /* AppError.swift */,
				14EAA3592A6204DA009397CB /* ApiResponse.swift */,
			);
			path = Networking;
			sourceTree = "<group>";
		};
		14EAA3532A6202D9009397CB /* HomeView */ = {
			isa = PBXGroup;
			children = (
				14EAA3542A6202F0009397CB /* HomeViewModel.swift */,
				14D7569C2A604192002AECC2 /* HomeViewController.swift */,
			);
			path = HomeView;
			sourceTree = "<group>";
		};
		14EAA3562A6202FD009397CB /* Models */ = {
			isa = PBXGroup;
			children = (
				14C627002A655C9100172DF2 /* BMIModel.swift */,
			);
			path = Models;
			sourceTree = "<group>";
		};
/* End PBXGroup section */

/* Begin PBXNativeTarget section */
		14D756942A604192002AECC2 /* FitnessCalulator */ = {
			isa = PBXNativeTarget;
			buildConfigurationList = 14D756A92A604195002AECC2 /* Build configuration list for PBXNativeTarget "FitnessCalulator" */;
			buildPhases = (
				14D756912A604192002AECC2 /* Sources */,
				14D756922A604192002AECC2 /* Frameworks */,
				14D756932A604192002AECC2 /* Resources */,
			);
			buildRules = (
			);
			dependencies = (
			);
			name = FitnessCalulator;
			productName = FitnessCalulator;
			productReference = 14D756952A604192002AECC2 /* FitnessCalulator.app */;
			productType = "com.apple.product-type.application";
		};
/* End PBXNativeTarget section */

/* Begin PBXProject section */
		14D7568D2A604191002AECC2 /* Project object */ = {
			isa = PBXProject;
			attributes = {
				BuildIndependentTargetsInParallel = 1;
				LastSwiftUpdateCheck = 1410;
				LastUpgradeCheck = 1410;
				TargetAttributes = {
					14D756942A604192002AECC2 = {
						CreatedOnToolsVersion = 14.1;
					};
				};
			};
			buildConfigurationList = 14D756902A604191002AECC2 /* Build configuration list for PBXProject "FitnessCalulator" */;
			compatibilityVersion = "Xcode 14.0";
			developmentRegion = en;
			hasScannedForEncodings = 0;
			knownRegions = (
				en,
				Base,
			);
			mainGroup = 14D7568C2A604191002AECC2;
			productRefGroup = 14D756962A604192002AECC2 /* Products */;
			projectDirPath = "";
			projectRoot = "";
			targets = (
				14D756942A604192002AECC2 /* FitnessCalulator */,
			);
		};
/* End PBXProject section */

/* Begin PBXResourcesBuildPhase section */
		14D756932A604192002AECC2 /* Resources */ = {
			isa = PBXResourcesBuildPhase;
			buildActionMask = 2147483647;
			files = (
				14D756A52A604195002AECC2 /* LaunchScreen.storyboard in Resources */,
				14D756A22A604195002AECC2 /* Assets.xcassets in Resources */,
				14C626FF2A62F6EC00172DF2 /* BMIResultViewController.xib in Resources */,
				14D756A02A604192002AECC2 /* Main.storyboard in Resources */,
			);
			runOnlyForDeploymentPostprocessing = 0;
		};
/* End PBXResourcesBuildPhase section */

/* Begin PBXSourcesBuildPhase section */
		14D756912A604192002AECC2 /* Sources */ = {
			isa = PBXSourcesBuildPhase;
			buildActionMask = 2147483647;
			files = (
				14EAA35C2A620646009397CB /* urlString.swift in Sources */,
				14D7569D2A604192002AECC2 /* HomeViewController.swift in Sources */,
				14C626FE2A62F6EC00172DF2 /* BMIResultViewController.swift in Sources */,
				14C627012A655C9100172DF2 /* BMIModel.swift in Sources */,
				14D756AE2A605BD7002AECC2 /* UIView_extension.swift in Sources */,
				14EAA3582A6204CA009397CB /* AppError.swift in Sources */,
				14EAA35A2A6204DA009397CB /* ApiResponse.swift in Sources */,
				14EAA34E2A6202AD009397CB /* Routes.swift in Sources */,
				14EAA3552A6202F0009397CB /* HomeViewModel.swift in Sources */,
				14D756992A604192002AECC2 /* AppDelegate.swift in Sources */,
				14EAA3522A6202CB009397CB /* NetworkServices.swift in Sources */,
				14EAA3502A6202BB009397CB /* Methods.swift in Sources */,
				14D7569B2A604192002AECC2 /* SceneDelegate.swift in Sources */,
			);
			runOnlyForDeploymentPostprocessing = 0;
		};
/* End PBXSourcesBuildPhase section */

/* Begin PBXVariantGroup section */
		14D7569E2A604192002AECC2 /* Main.storyboard */ = {
			isa = PBXVariantGroup;
			children = (
				14D7569F2A604192002AECC2 /* Base */,
			);
			name = Main.storyboard;
			sourceTree = "<group>";
		};
		14D756A32A604195002AECC2 /* LaunchScreen.storyboard */ = {
			isa = PBXVariantGroup;
			children = (
				14D756A42A604195002AECC2 /* Base */,
			);
			name = LaunchScreen.storyboard;
			sourceTree = "<group>";
		};
/* End PBXVariantGroup section */

/* Begin XCBuildConfiguration section */
		14D756A72A604195002AECC2 /* Debug */ = {
			isa = XCBuildConfiguration;
			buildSettings = {
				ALWAYS_SEARCH_USER_PATHS = NO;
				CLANG_ANALYZER_NONNULL = YES;
				CLANG_ANALYZER_NUMBER_OBJECT_CONVERSION = YES_AGGRESSIVE;
				CLANG_CXX_LANGUAGE_STANDARD = "gnu++20";
				CLANG_ENABLE_MODULES = YES;
				CLANG_ENABLE_OBJC_ARC = YES;
				CLANG_ENABLE_OBJC_WEAK = YES;
				CLANG_WARN_BLOCK_CAPTURE_AUTORELEASING = YES;
				CLANG_WARN_BOOL_CONVERSION = YES;
				CLANG_WARN_COMMA = YES;
				CLANG_WARN_CONSTANT_CONVERSION = YES;
				CLANG_WARN_DEPRECATED_OBJC_IMPLEMENTATIONS = YES;
				CLANG_WARN_DIRECT_OBJC_ISA_USAGE = YES_ERROR;
				CLANG_WARN_DOCUMENTATION_COMMENTS = YES;
				CLANG_WARN_EMPTY_BODY = YES;
				CLANG_WARN_ENUM_CONVERSION = YES;
				CLANG_WARN_INFINITE_RECURSION = YES;
				CLANG_WARN_INT_CONVERSION = YES;
				CLANG_WARN_NON_LITERAL_NULL_CONVERSION = YES;
				CLANG_WARN_OBJC_IMPLICIT_RETAIN_SELF = YES;
				CLANG_WARN_OBJC_LITERAL_CONVERSION = YES;
				CLANG_WARN_OBJC_ROOT_CLASS = YES_ERROR;
				CLANG_WARN_QUOTED_INCLUDE_IN_FRAMEWORK_HEADER = YES;
				CLANG_WARN_RANGE_LOOP_ANALYSIS = YES;
				CLANG_WARN_STRICT_PROTOTYPES = YES;
				CLANG_WARN_SUSPICIOUS_MOVE = YES;
				CLANG_WARN_UNGUARDED_AVAILABILITY = YES_AGGRESSIVE;
				CLANG_WARN_UNREACHABLE_CODE = YES;
				CLANG_WARN__DUPLICATE_METHOD_MATCH = YES;
				COPY_PHASE_STRIP = NO;
				DEBUG_INFORMATION_FORMAT = dwarf;
				ENABLE_STRICT_OBJC_MSGSEND = YES;
				ENABLE_TESTABILITY = YES;
				GCC_C_LANGUAGE_STANDARD = gnu11;
				GCC_DYNAMIC_NO_PIC = NO;
				GCC_NO_COMMON_BLOCKS = YES;
				GCC_OPTIMIZATION_LEVEL = 0;
				GCC_PREPROCESSOR_DEFINITIONS = (
					"DEBUG=1",
					"$(inherited)",
				);
				GCC_WARN_64_TO_32_BIT_CONVERSION = YES;
				GCC_WARN_ABOUT_RETURN_TYPE = YES_ERROR;
				GCC_WARN_UNDECLARED_SELECTOR = YES;
				GCC_WARN_UNINITIALIZED_AUTOS = YES_AGGRESSIVE;
				GCC_WARN_UNUSED_FUNCTION = YES;
				GCC_WARN_UNUSED_VARIABLE = YES;
				IPHONEOS_DEPLOYMENT_TARGET = 16.1;
				MTL_ENABLE_DEBUG_INFO = INCLUDE_SOURCE;
				MTL_FAST_MATH = YES;
				ONLY_ACTIVE_ARCH = YES;
				SDKROOT = iphoneos;
				SWIFT_ACTIVE_COMPILATION_CONDITIONS = DEBUG;
				SWIFT_OPTIMIZATION_LEVEL = "-Onone";
			};
			name = Debug;
		};
		14D756A82A604195002AECC2 /* Release */ = {
			isa = XCBuildConfiguration;
			buildSettings = {
				ALWAYS_SEARCH_USER_PATHS = NO;
				CLANG_ANALYZER_NONNULL = YES;
				CLANG_ANALYZER_NUMBER_OBJECT_CONVERSION = YES_AGGRESSIVE;
				CLANG_CXX_LANGUAGE_STANDARD = "gnu++20";
				CLANG_ENABLE_MODULES = YES;
				CLANG_ENABLE_OBJC_ARC = YES;
				CLANG_ENABLE_OBJC_WEAK = YES;
				CLANG_WARN_BLOCK_CAPTURE_AUTORELEASING = YES;
				CLANG_WARN_BOOL_CONVERSION = YES;
				CLANG_WARN_COMMA = YES;
				CLANG_WARN_CONSTANT_CONVERSION = YES;
				CLANG_WARN_DEPRECATED_OBJC_IMPLEMENTATIONS = YES;
				CLANG_WARN_DIRECT_OBJC_ISA_USAGE = YES_ERROR;
				CLANG_WARN_DOCUMENTATION_COMMENTS = YES;
				CLANG_WARN_EMPTY_BODY = YES;
				CLANG_WARN_ENUM_CONVERSION = YES;
				CLANG_WARN_INFINITE_RECURSION = YES;
				CLANG_WARN_INT_CONVERSION = YES;
				CLANG_WARN_NON_LITERAL_NULL_CONVERSION = YES;
				CLANG_WARN_OBJC_IMPLICIT_RETAIN_SELF = YES;
				CLANG_WARN_OBJC_LITERAL_CONVERSION = YES;
				CLANG_WARN_OBJC_ROOT_CLASS = YES_ERROR;
				CLANG_WARN_QUOTED_INCLUDE_IN_FRAMEWORK_HEADER = YES;
				CLANG_WARN_RANGE_LOOP_ANALYSIS = YES;
				CLANG_WARN_STRICT_PROTOTYPES = YES;
				CLANG_WARN_SUSPICIOUS_MOVE = YES;
				CLANG_WARN_UNGUARDED_AVAILABILITY = YES_AGGRESSIVE;
				CLANG_WARN_UNREACHABLE_CODE = YES;
				CLANG_WARN__DUPLICATE_METHOD_MATCH = YES;
				COPY_PHASE_STRIP = NO;
				DEBUG_INFORMATION_FORMAT = "dwarf-with-dsym";
				ENABLE_NS_ASSERTIONS = NO;
				ENABLE_STRICT_OBJC_MSGSEND = YES;
				GCC_C_LANGUAGE_STANDARD = gnu11;
				GCC_NO_COMMON_BLOCKS = YES;
				GCC_WARN_64_TO_32_BIT_CONVERSION = YES;
				GCC_WARN_ABOUT_RETURN_TYPE = YES_ERROR;
				GCC_WARN_UNDECLARED_SELECTOR = YES;
				GCC_WARN_UNINITIALIZED_AUTOS = YES_AGGRESSIVE;
				GCC_WARN_UNUSED_FUNCTION = YES;
				GCC_WARN_UNUSED_VARIABLE = YES;
				IPHONEOS_DEPLOYMENT_TARGET = 16.1;
				MTL_ENABLE_DEBUG_INFO = NO;
				MTL_FAST_MATH = YES;
				SDKROOT = iphoneos;
				SWIFT_COMPILATION_MODE = wholemodule;
				SWIFT_OPTIMIZATION_LEVEL = "-O";
				VALIDATE_PRODUCT = YES;
			};
			name = Release;
		};
		14D756AA2A604195002AECC2 /* Debug */ = {
			isa = XCBuildConfiguration;
			buildSettings = {
				ASSETCATALOG_COMPILER_APPICON_NAME = AppIcon;
				ASSETCATALOG_COMPILER_GLOBAL_ACCENT_COLOR_NAME = AccentColor;
				CODE_SIGN_STYLE = Automatic;
				CURRENT_PROJECT_VERSION = 1;
				GENERATE_INFOPLIST_FILE = YES;
				INFOPLIST_FILE = FitnessCalulator/Info.plist;
				INFOPLIST_KEY_UIApplicationSupportsIndirectInputEvents = YES;
				INFOPLIST_KEY_UILaunchStoryboardName = LaunchScreen;
				INFOPLIST_KEY_UIMainStoryboardFile = Main;
				INFOPLIST_KEY_UISupportedInterfaceOrientations_iPad = "UIInterfaceOrientationPortrait UIInterfaceOrientationPortraitUpsideDown UIInterfaceOrientationLandscapeLeft UIInterfaceOrientationLandscapeRight";
				INFOPLIST_KEY_UISupportedInterfaceOrientations_iPhone = "UIInterfaceOrientationPortrait UIInterfaceOrientationLandscapeLeft UIInterfaceOrientationLandscapeRight";
				LD_RUNPATH_SEARCH_PATHS = (
					"$(inherited)",
					"@executable_path/Frameworks",
				);
				MARKETING_VERSION = 1.0;
				PRODUCT_BUNDLE_IDENTIFIER = navigation.FitnessCalulator;
				PRODUCT_NAME = "$(TARGET_NAME)";
				SWIFT_EMIT_LOC_STRINGS = YES;
				SWIFT_VERSION = 5.0;
				TARGETED_DEVICE_FAMILY = "1,2";
			};
			name = Debug;
		};
		14D756AB2A604195002AECC2 /* Release */ = {
			isa = XCBuildConfiguration;
			buildSettings = {
				ASSETCATALOG_COMPILER_APPICON_NAME = AppIcon;
				ASSETCATALOG_COMPILER_GLOBAL_ACCENT_COLOR_NAME = AccentColor;
				CODE_SIGN_STYLE = Automatic;
				CURRENT_PROJECT_VERSION = 1;
				GENERATE_INFOPLIST_FILE = YES;
				INFOPLIST_FILE = FitnessCalulator/Info.plist;
				INFOPLIST_KEY_UIApplicationSupportsIndirectInputEvents = YES;
				INFOPLIST_KEY_UILaunchStoryboardName = LaunchScreen;
				INFOPLIST_KEY_UIMainStoryboardFile = Main;
				INFOPLIST_KEY_UISupportedInterfaceOrientations_iPad = "UIInterfaceOrientationPortrait UIInterfaceOrientationPortraitUpsideDown UIInterfaceOrientationLandscapeLeft UIInterfaceOrientationLandscapeRight";
				INFOPLIST_KEY_UISupportedInterfaceOrientations_iPhone = "UIInterfaceOrientationPortrait UIInterfaceOrientationLandscapeLeft UIInterfaceOrientationLandscapeRight";
				LD_RUNPATH_SEARCH_PATHS = (
					"$(inherited)",
					"@executable_path/Frameworks",
				);
				MARKETING_VERSION = 1.0;
				PRODUCT_BUNDLE_IDENTIFIER = navigation.FitnessCalulator;
				PRODUCT_NAME = "$(TARGET_NAME)";
				SWIFT_EMIT_LOC_STRINGS = YES;
				SWIFT_VERSION = 5.0;
				TARGETED_DEVICE_FAMILY = "1,2";
			};
			name = Release;
		};
/* End XCBuildConfiguration section */

/* Begin XCConfigurationList section */
		14D756902A604191002AECC2 /* Build configuration list for PBXProject "FitnessCalulator" */ = {
			isa = XCConfigurationList;
			buildConfigurations = (
				14D756A72A604195002AECC2 /* Debug */,
				14D756A82A604195002AECC2 /* Release */,
			);
			defaultConfigurationIsVisible = 0;
			defaultConfigurationName = Release;
		};
		14D756A92A604195002AECC2 /* Build configuration list for PBXNativeTarget "FitnessCalulator" */ = {
			isa = XCConfigurationList;
			buildConfigurations = (
				14D756AA2A604195002AECC2 /* Debug */,
				14D756AB2A604195002AECC2 /* Release */,
			);
			defaultConfigurationIsVisible = 0;
			defaultConfigurationName = Release;
		};
/* End XCConfigurationList section */
	};
	rootObject = 14D7568D2A604191002AECC2 /* Project object */;
}
